
Microsoft Visual Studio Solution File, Format Version 12.00
# Visual Studio Version 17
VisualStudioVersion = 17.4.33213.308
MinimumVisualStudioVersion = 10.0.40219.1
Project("{FAE04EC0-301F-11D3-BF4B-00C04F79EFBC}") = "OneTimePassword.WepApi", "OneTimePassword.WepApi\OneTimePassword.WepApi.csproj", "{31F08B76-BCF5-44E1-9A52-0AD273E0E291}"
EndProject
Project("{FAE04EC0-301F-11D3-BF4B-00C04F79EFBC}") = "OneTimePassword.Business", "OneTimePassword.Business\OneTimePassword.Business.csproj", "{96390637-7EB6-4FC4-9C65-57B12F85CDEB}"
EndProject
Global
	GlobalSection(SolutionConfigurationPlatforms) = preSolution
		Debug|Any CPU = Debug|Any CPU
		Release|Any CPU = Release|Any CPU
	EndGlobalSection
	GlobalSection(ProjectConfigurationPlatforms) = postSolution
		{31F08B76-BCF5-44E1-9A52-0AD273E0E291}.Debug|Any CPU.ActiveCfg = Debug|Any CPU
		{31F08B76-BCF5-44E1-9A52-0AD273E0E291}.Debug|Any CPU.Build.0 = Debug|Any CPU
		{31F08B76-BCF5-44E1-9A52-0AD273E0E291}.Release|Any CPU.ActiveCfg = Release|Any CPU
		{31F08B76-BCF5-44E1-9A52-0AD273E0E291}.Release|Any CPU.Build.0 = Release|Any CPU
		{96390637-7EB6-4FC4-9C65-57B12F85CDEB}.Debug|Any CPU.ActiveCfg = Debug|Any CPU
		{96390637-7EB6-4FC4-9C65-57B12F85CDEB}.Debug|Any CPU.Build.0 = Debug|Any CPU
		{96390637-7EB6-4FC4-9C65-57B12F85CDEB}.Release|Any CPU.ActiveCfg = Release|Any CPU
		{96390637-7EB6-4FC4-9C65-57B12F85CDEB}.Release|Any CPU.Build.0 = Release|Any CPU
	EndGlobalSection
	GlobalSection(SolutionProperties) = preSolution
		HideSolutionNode = FALSE
	EndGlobalSection
	GlobalSection(ExtensibilityGlobals) = postSolution
		SolutionGuid = {52BD99E1-C181-4603-B6BD-B75A8197E19B}
	EndGlobalSection
EndGlobal
